
Microsoft Visual Studio Solution File, Format Version 12.00
# Visual Studio Version 17
VisualStudioVersion = 17.2.32526.322
MinimumVisualStudioVersion = 10.0.40219.1
Project("{FAE04EC0-301F-11D3-BF4B-00C04F79EFBC}") = "SeleniumTests", "SeleniumTests\SeleniumTests.csproj", "{DDB43675-F2A3-43E7-AC2A-9F691245D2E3}"
EndProject
Global
	GlobalSection(SolutionConfigurationPlatforms) = preSolution
		Debug|Any CPU = Debug|Any CPU
		Release|Any CPU = Release|Any CPU
	EndGlobalSection
	GlobalSection(ProjectConfigurationPlatforms) = postSolution
		{DDB43675-F2A3-43E7-AC2A-9F691245D2E3}.Debug|Any CPU.ActiveCfg = Debug|Any CPU
		{DDB43675-F2A3-43E7-AC2A-9F691245D2E3}.Debug|Any CPU.Build.0 = Debug|Any CPU
		{DDB43675-F2A3-43E7-AC2A-9F691245D2E3}.Release|Any CPU.ActiveCfg = Release|Any CPU
		{DDB43675-F2A3-43E7-AC2A-9F691245D2E3}.Release|Any CPU.Build.0 = Release|Any CPU
	EndGlobalSection
	GlobalSection(SolutionProperties) = preSolution
		HideSolutionNode = FALSE
	EndGlobalSection
	GlobalSection(ExtensibilityGlobals) = postSolution
		SolutionGuid = {ACCEE530-4194-4BAC-94C0-613299E6DD89}
	EndGlobalSection
EndGlobal
